
Microsoft Visual Studio Solution File, Format Version 12.00
# Visual Studio Version 17
VisualStudioVersion = 17.9.34714.143
MinimumVisualStudioVersion = 10.0.40219.1
Project("{FAE04EC0-301F-11D3-BF4B-00C04F79EFBC}") = "Lenguaje", "Lenguaje\Lenguaje.csproj", "{7C73A712-3714-49BE-8FF5-7BC26F7FF6EE}"
EndProject
Global
	GlobalSection(SolutionConfigurationPlatforms) = preSolution
		Debug|Any CPU = Debug|Any CPU
		Release|Any CPU = Release|Any CPU
	EndGlobalSection
	GlobalSection(ProjectConfigurationPlatforms) = postSolution
		{7C73A712-3714-49BE-8FF5-7BC26F7FF6EE}.Debug|Any CPU.ActiveCfg = Debug|Any CPU
		{7C73A712-3714-49BE-8FF5-7BC26F7FF6EE}.Debug|Any CPU.Build.0 = Debug|Any CPU
		{7C73A712-3714-49BE-8FF5-7BC26F7FF6EE}.Release|Any CPU.ActiveCfg = Release|Any CPU
		{7C73A712-3714-49BE-8FF5-7BC26F7FF6EE}.Release|Any CPU.Build.0 = Release|Any CPU
	EndGlobalSection
	GlobalSection(SolutionProperties) = preSolution
		HideSolutionNode = FALSE
	EndGlobalSection
	GlobalSection(ExtensibilityGlobals) = postSolution
		SolutionGuid = {8A3F85D7-40D6-4531-BF7D-BCF93851D20E}
	EndGlobalSection
EndGlobal
